
Microsoft Visual Studio Solution File, Format Version 12.00
# Visual Studio Version 16
VisualStudioVersion = 16.0.31729.503
MinimumVisualStudioVersion = 10.0.40219.1
Project("{FAE04EC0-301F-11D3-BF4B-00C04F79EFBC}") = "UI", "UI\UI.csproj", "{87B86ADC-3344-41F1-8D09-0D547A4223D2}"
EndProject
Project("{FAE04EC0-301F-11D3-BF4B-00C04F79EFBC}") = "BLL", "BLL\BLL.csproj", "{714D873B-7A20-4DDB-826C-7A471D7C60B6}"
EndProject
Project("{FAE04EC0-301F-11D3-BF4B-00C04F79EFBC}") = "DAL", "DAL\DAL.csproj", "{B04C607D-3589-4CAD-AAC0-976F2FA58C9C}"
EndProject
Project("{FAE04EC0-301F-11D3-BF4B-00C04F79EFBC}") = "MPP", "MPP\MPP.csproj", "{7604D63A-ED97-4D39-86BF-DD992A1077CF}"
EndProject
Project("{FAE04EC0-301F-11D3-BF4B-00C04F79EFBC}") = "BE", "BE\BE.csproj", "{210D1BE7-5DAD-448E-B0D0-DA5EAAC3D91D}"
EndProject
Global
	GlobalSection(SolutionConfigurationPlatforms) = preSolution
		Debug|Any CPU = Debug|Any CPU
		Release|Any CPU = Release|Any CPU
	EndGlobalSection
	GlobalSection(ProjectConfigurationPlatforms) = postSolution
		{87B86ADC-3344-41F1-8D09-0D547A4223D2}.Debug|Any CPU.ActiveCfg = Debug|Any CPU
		{87B86ADC-3344-41F1-8D09-0D547A4223D2}.Debug|Any CPU.Build.0 = Debug|Any CPU
		{87B86ADC-3344-41F1-8D09-0D547A4223D2}.Release|Any CPU.ActiveCfg = Release|Any CPU
		{87B86ADC-3344-41F1-8D09-0D547A4223D2}.Release|Any CPU.Build.0 = Release|Any CPU
		{714D873B-7A20-4DDB-826C-7A471D7C60B6}.Debug|Any CPU.ActiveCfg = Debug|Any CPU
		{714D873B-7A20-4DDB-826C-7A471D7C60B6}.Debug|Any CPU.Build.0 = Debug|Any CPU
		{714D873B-7A20-4DDB-826C-7A471D7C60B6}.Release|Any CPU.ActiveCfg = Release|Any CPU
		{714D873B-7A20-4DDB-826C-7A471D7C60B6}.Release|Any CPU.Build.0 = Release|Any CPU
		{B04C607D-3589-4CAD-AAC0-976F2FA58C9C}.Debug|Any CPU.ActiveCfg = Debug|Any CPU
		{B04C607D-3589-4CAD-AAC0-976F2FA58C9C}.Debug|Any CPU.Build.0 = Debug|Any CPU
		{B04C607D-3589-4CAD-AAC0-976F2FA58C9C}.Release|Any CPU.ActiveCfg = Release|Any CPU
		{B04C607D-3589-4CAD-AAC0-976F2FA58C9C}.Release|Any CPU.Build.0 = Release|Any CPU
		{7604D63A-ED97-4D39-86BF-DD992A1077CF}.Debug|Any CPU.ActiveCfg = Debug|Any CPU
		{7604D63A-ED97-4D39-86BF-DD992A1077CF}.Debug|Any CPU.Build.0 = Debug|Any CPU
		{7604D63A-ED97-4D39-86BF-DD992A1077CF}.Release|Any CPU.ActiveCfg = Release|Any CPU
		{7604D63A-ED97-4D39-86BF-DD992A1077CF}.Release|Any CPU.Build.0 = Release|Any CPU
		{210D1BE7-5DAD-448E-B0D0-DA5EAAC3D91D}.Debug|Any CPU.ActiveCfg = Debug|Any CPU
		{210D1BE7-5DAD-448E-B0D0-DA5EAAC3D91D}.Debug|Any CPU.Build.0 = Debug|Any CPU
		{210D1BE7-5DAD-448E-B0D0-DA5EAAC3D91D}.Release|Any CPU.ActiveCfg = Release|Any CPU
		{210D1BE7-5DAD-448E-B0D0-DA5EAAC3D91D}.Release|Any CPU.Build.0 = Release|Any CPU
	EndGlobalSection
	GlobalSection(SolutionProperties) = preSolution
		HideSolutionNode = FALSE
	EndGlobalSection
	GlobalSection(ExtensibilityGlobals) = postSolution
		SolutionGuid = {5F2DCC86-FCFB-421F-A960-A265CF580B0F}
	EndGlobalSection
EndGlobal
